
Microsoft Visual Studio Solution File, Format Version 12.00
# Visual Studio Version 16
VisualStudioVersion = 16.0.33130.400
MinimumVisualStudioVersion = 10.0.40219.1
Project("{8BC9CEB8-8B4A-11D0-8D11-00A0C91BC942}") = "Test1Dll", "Test1Dll\Test1Dll.vcxproj", "{CCDFDA11-F68A-441C-9B4F-683753CA280D}"
EndProject
Global
	GlobalSection(SolutionConfigurationPlatforms) = preSolution
		Debug|x64 = Debug|x64
		Debug|x86 = Debug|x86
		Release|x64 = Release|x64
		Release|x86 = Release|x86
	EndGlobalSection
	GlobalSection(ProjectConfigurationPlatforms) = postSolution
		{CCDFDA11-F68A-441C-9B4F-683753CA280D}.Debug|x64.ActiveCfg = Debug|x64
		{CCDFDA11-F68A-441C-9B4F-683753CA280D}.Debug|x64.Build.0 = Debug|x64
		{CCDFDA11-F68A-441C-9B4F-683753CA280D}.Debug|x86.ActiveCfg = Debug|Win32
		{CCDFDA11-F68A-441C-9B4F-683753CA280D}.Debug|x86.Build.0 = Debug|Win32
		{CCDFDA11-F68A-441C-9B4F-683753CA280D}.Release|x64.ActiveCfg = Release|x64
		{CCDFDA11-F68A-441C-9B4F-683753CA280D}.Release|x64.Build.0 = Release|x64
		{CCDFDA11-F68A-441C-9B4F-683753CA280D}.Release|x86.ActiveCfg = Release|Win32
		{CCDFDA11-F68A-441C-9B4F-683753CA280D}.Release|x86.Build.0 = Release|Win32
	EndGlobalSection
	GlobalSection(SolutionProperties) = preSolution
		HideSolutionNode = FALSE
	EndGlobalSection
	GlobalSection(ExtensibilityGlobals) = postSolution
		SolutionGuid = {D43B3008-09D9-4863-8315-94818A2B6FA3}
	EndGlobalSection
EndGlobal
